// !$*UTF8*$!
{
	archiveVersion = 1;
	classes = {
	};
	objectVersion = 77;
	objects = {

/* Begin PBXBuildFile section */
		05B49E532CE4E10E0059F2B1 /* AppDelegate.swift in Sources */ = {isa = PBXBuildFile; fileRef = 05B49E492CE4E10E0059F2B1 /* AppDelegate.swift */; };
		05B49E542CE4E10E0059F2B1 /* SceneDelegate.swift in Sources */ = {isa = PBXBuildFile; fileRef = 05B49E502CE4E10E0059F2B1 /* SceneDelegate.swift */; };
		05B49E562CE4E10E0059F2B1 /* Assets.xcassets in Resources */ = {isa = PBXBuildFile; fileRef = 05B49E4A2CE4E10E0059F2B1 /* Assets.xcassets */; };
		05B49E582CE4E10E0059F2B1 /* LaunchScreen.storyboard in Resources */ = {isa = PBXBuildFile; fileRef = 05B49E4D2CE4E10E0059F2B1 /* LaunchScreen.storyboard */; };
		05B49E5E2CE4E26C0059F2B1 /* Kingfisher in Frameworks */ = {isa = PBXBuildFile; productRef = 05B49E5D2CE4E26C0059F2B1 /* Kingfisher */; };
		05B49E612CE4E2780059F2B1 /* Alamofire in Frameworks */ = {isa = PBXBuildFile; productRef = 05B49E602CE4E2780059F2B1 /* Alamofire */; };
		05B49E662CE4E2810059F2B1 /* Then in Frameworks */ = {isa = PBXBuildFile; productRef = 05B49E652CE4E2810059F2B1 /* Then */; };
		05B49E692CE4E28B0059F2B1 /* SnapKit in Frameworks */ = {isa = PBXBuildFile; productRef = 05B49E682CE4E28B0059F2B1 /* SnapKit */; };
		05B49E6F2CE4E2DF0059F2B1 /* ProfileCardVC.swift in Sources */ = {isa = PBXBuildFile; fileRef = 05B49E6E2CE4E2DF0059F2B1 /* ProfileCardVC.swift */; };
		05B49E752CE4E3F50059F2B1 /* BaseView.swift in Sources */ = {isa = PBXBuildFile; fileRef = 05B49E742CE4E3F50059F2B1 /* BaseView.swift */; };
		05B49E772CE4E4490059F2B1 /* BaseViewController.swift in Sources */ = {isa = PBXBuildFile; fileRef = 05B49E762CE4E4490059F2B1 /* BaseViewController.swift */; };
		05B49E792CE4E47D0059F2B1 /* UIView+.swift in Sources */ = {isa = PBXBuildFile; fileRef = 05B49E782CE4E47D0059F2B1 /* UIView+.swift */; };
		05B49E7B2CE501B40059F2B1 /* AlertDisplayable.swift in Sources */ = {isa = PBXBuildFile; fileRef = 05B49E7A2CE501B40059F2B1 /* AlertDisplayable.swift */; };
		05B49E7D2CE5025C0059F2B1 /* KeyboardDismissible.swift in Sources */ = {isa = PBXBuildFile; fileRef = 05B49E7C2CE5025C0059F2B1 /* KeyboardDismissible.swift */; };
		05B49E7F2CE5CEE40059F2B1 /* UIViewController+.swift in Sources */ = {isa = PBXBuildFile; fileRef = 05B49E7E2CE5CEE40059F2B1 /* UIViewController+.swift */; };
		05B49E822CE5D8B50059F2B1 /* CircularProgressView.swift in Sources */ = {isa = PBXBuildFile; fileRef = 05B49E812CE5D8B50059F2B1 /* CircularProgressView.swift */; };
		05B49E842CE5DA790059F2B1 /* FrontView.swift in Sources */ = {isa = PBXBuildFile; fileRef = 05B49E832CE5DA790059F2B1 /* FrontView.swift */; };
		05B49E862CE5DAF00059F2B1 /* BackView.swift in Sources */ = {isa = PBXBuildFile; fileRef = 05B49E852CE5DAF00059F2B1 /* BackView.swift */; };
		05B49E882CE5E0630059F2B1 /* UIColor+.swift in Sources */ = {isa = PBXBuildFile; fileRef = 05B49E872CE5E0630059F2B1 /* UIColor+.swift */; };
		05B49E8A2CE5E1ED0059F2B1 /* UILabel+.swift in Sources */ = {isa = PBXBuildFile; fileRef = 05B49E892CE5E1ED0059F2B1 /* UILabel+.swift */; };
		05B49E8C2CE5E4D30059F2B1 /* UIStackView+.swift in Sources */ = {isa = PBXBuildFile; fileRef = 05B49E8B2CE5E4D30059F2B1 /* UIStackView+.swift */; };
/* End PBXBuildFile section */

/* Begin PBXFileReference section */
		05B49E312CE4E1080059F2B1 /* MapleStory.app */ = {isa = PBXFileReference; explicitFileType = wrapper.application; includeInIndex = 0; path = MapleStory.app; sourceTree = BUILT_PRODUCTS_DIR; };
		05B49E492CE4E10E0059F2B1 /* AppDelegate.swift */ = {isa = PBXFileReference; lastKnownFileType = sourcecode.swift; path = AppDelegate.swift; sourceTree = "<group>"; };
		05B49E4A2CE4E10E0059F2B1 /* Assets.xcassets */ = {isa = PBXFileReference; lastKnownFileType = folder.assetcatalog; path = Assets.xcassets; sourceTree = "<group>"; };
		05B49E4B2CE4E10E0059F2B1 /* Info.plist */ = {isa = PBXFileReference; lastKnownFileType = text.plist.xml; path = Info.plist; sourceTree = "<group>"; };
		05B49E4C2CE4E10E0059F2B1 /* Base */ = {isa = PBXFileReference; lastKnownFileType = file.storyboard; name = Base; path = Base.lproj/LaunchScreen.storyboard; sourceTree = "<group>"; };
		05B49E502CE4E10E0059F2B1 /* SceneDelegate.swift */ = {isa = PBXFileReference; lastKnownFileType = sourcecode.swift; path = SceneDelegate.swift; sourceTree = "<group>"; };
		05B49E6E2CE4E2DF0059F2B1 /* ProfileCardVC.swift */ = {isa = PBXFileReference; lastKnownFileType = sourcecode.swift; path = ProfileCardVC.swift; sourceTree = "<group>"; };
		05B49E742CE4E3F50059F2B1 /* BaseView.swift */ = {isa = PBXFileReference; lastKnownFileType = sourcecode.swift; path = BaseView.swift; sourceTree = "<group>"; };
		05B49E762CE4E4490059F2B1 /* BaseViewController.swift */ = {isa = PBXFileReference; lastKnownFileType = sourcecode.swift; path = BaseViewController.swift; sourceTree = "<group>"; };
		05B49E782CE4E47D0059F2B1 /* UIView+.swift */ = {isa = PBXFileReference; lastKnownFileType = sourcecode.swift; path = "UIView+.swift"; sourceTree = "<group>"; };
		05B49E7A2CE501B40059F2B1 /* AlertDisplayable.swift */ = {isa = PBXFileReference; lastKnownFileType = sourcecode.swift; path = AlertDisplayable.swift; sourceTree = "<group>"; };
		05B49E7C2CE5025C0059F2B1 /* KeyboardDismissible.swift */ = {isa = PBXFileReference; lastKnownFileType = sourcecode.swift; path = KeyboardDismissible.swift; sourceTree = "<group>"; };
		05B49E7E2CE5CEE40059F2B1 /* UIViewController+.swift */ = {isa = PBXFileReference; lastKnownFileType = sourcecode.swift; path = "UIViewController+.swift"; sourceTree = "<group>"; };
		05B49E812CE5D8B50059F2B1 /* CircularProgressView.swift */ = {isa = PBXFileReference; lastKnownFileType = sourcecode.swift; path = CircularProgressView.swift; sourceTree = "<group>"; };
		05B49E832CE5DA790059F2B1 /* FrontView.swift */ = {isa = PBXFileReference; lastKnownFileType = sourcecode.swift; path = FrontView.swift; sourceTree = "<group>"; };
		05B49E852CE5DAF00059F2B1 /* BackView.swift */ = {isa = PBXFileReference; lastKnownFileType = sourcecode.swift; path = BackView.swift; sourceTree = "<group>"; };
		05B49E872CE5E0630059F2B1 /* UIColor+.swift */ = {isa = PBXFileReference; lastKnownFileType = sourcecode.swift; path = "UIColor+.swift"; sourceTree = "<group>"; };
		05B49E892CE5E1ED0059F2B1 /* UILabel+.swift */ = {isa = PBXFileReference; lastKnownFileType = sourcecode.swift; path = "UILabel+.swift"; sourceTree = "<group>"; };
		05B49E8B2CE5E4D30059F2B1 /* UIStackView+.swift */ = {isa = PBXFileReference; lastKnownFileType = sourcecode.swift; path = "UIStackView+.swift"; sourceTree = "<group>"; };
/* End PBXFileReference section */

/* Begin PBXFrameworksBuildPhase section */
		05B49E2E2CE4E1080059F2B1 /* Frameworks */ = {
			isa = PBXFrameworksBuildPhase;
			buildActionMask = 2147483647;
			files = (
				05B49E5E2CE4E26C0059F2B1 /* Kingfisher in Frameworks */,
				05B49E612CE4E2780059F2B1 /* Alamofire in Frameworks */,
				05B49E662CE4E2810059F2B1 /* Then in Frameworks */,
				05B49E692CE4E28B0059F2B1 /* SnapKit in Frameworks */,
			);
			runOnlyForDeploymentPostprocessing = 0;
		};
/* End PBXFrameworksBuildPhase section */

/* Begin PBXGroup section */
		05B49E282CE4E1080059F2B1 = {
			isa = PBXGroup;
			children = (
				05B49E522CE4E10E0059F2B1 /* MapleStory */,
				05B49E322CE4E1080059F2B1 /* Products */,
			);
			sourceTree = "<group>";
		};
		05B49E322CE4E1080059F2B1 /* Products */ = {
			isa = PBXGroup;
			children = (
				05B49E312CE4E1080059F2B1 /* MapleStory.app */,
			);
			name = Products;
			sourceTree = "<group>";
		};
		05B49E522CE4E10E0059F2B1 /* MapleStory */ = {
			isa = PBXGroup;
			children = (
				05B49E4B2CE4E10E0059F2B1 /* Info.plist */,
				05B49E5B2CE4E17D0059F2B1 /* Resources */,
				05B49E5A2CE4E1720059F2B1 /* Sources */,
			);
			path = MapleStory;
			sourceTree = "<group>";
		};
		05B49E5A2CE4E1720059F2B1 /* Sources */ = {
			isa = PBXGroup;
			children = (
				05B49E6C2CE4E2990059F2B1 /* Application */,
				05B49E6D2CE4E2A60059F2B1 /* Presentation */,
				05B49E702CE4E3800059F2B1 /* Utilities */,
			);
			path = Sources;
			sourceTree = "<group>";
		};
		05B49E5B2CE4E17D0059F2B1 /* Resources */ = {
			isa = PBXGroup;
			children = (
				05B49E4A2CE4E10E0059F2B1 /* Assets.xcassets */,
				05B49E4D2CE4E10E0059F2B1 /* LaunchScreen.storyboard */,
			);
			path = Resources;
			sourceTree = "<group>";
		};
		05B49E6C2CE4E2990059F2B1 /* Application */ = {
			isa = PBXGroup;
			children = (
				05B49E492CE4E10E0059F2B1 /* AppDelegate.swift */,
				05B49E502CE4E10E0059F2B1 /* SceneDelegate.swift */,
			);
			path = Application;
			sourceTree = "<group>";
		};
		05B49E6D2CE4E2A60059F2B1 /* Presentation */ = {
			isa = PBXGroup;
			children = (
				05B49E802CE5D8990059F2B1 /* Component */,
				05B49E832CE5DA790059F2B1 /* FrontView.swift */,
				05B49E852CE5DAF00059F2B1 /* BackView.swift */,
				05B49E6E2CE4E2DF0059F2B1 /* ProfileCardVC.swift */,
			);
			path = Presentation;
			sourceTree = "<group>";
		};
		05B49E702CE4E3800059F2B1 /* Utilities */ = {
			isa = PBXGroup;
			children = (
				05B49E722CE4E3A80059F2B1 /* Base */,
				05B49E712CE4E39D0059F2B1 /* Extension */,
				05B49E732CE4E3B00059F2B1 /* Protocol */,
			);
			path = Utilities;
			sourceTree = "<group>";
		};
		05B49E712CE4E39D0059F2B1 /* Extension */ = {
			isa = PBXGroup;
			children = (
				05B49E872CE5E0630059F2B1 /* UIColor+.swift */,
				05B49E892CE5E1ED0059F2B1 /* UILabel+.swift */,
				05B49E8B2CE5E4D30059F2B1 /* UIStackView+.swift */,
				05B49E782CE4E47D0059F2B1 /* UIView+.swift */,
				05B49E7E2CE5CEE40059F2B1 /* UIViewController+.swift */,
			);
			path = Extension;
			sourceTree = "<group>";
		};
		05B49E722CE4E3A80059F2B1 /* Base */ = {
			isa = PBXGroup;
			children = (
				05B49E742CE4E3F50059F2B1 /* BaseView.swift */,
				05B49E762CE4E4490059F2B1 /* BaseViewController.swift */,
			);
			path = Base;
			sourceTree = "<group>";
		};
		05B49E732CE4E3B00059F2B1 /* Protocol */ = {
			isa = PBXGroup;
			children = (
				05B49E7A2CE501B40059F2B1 /* AlertDisplayable.swift */,
				05B49E7C2CE5025C0059F2B1 /* KeyboardDismissible.swift */,
			);
			path = Protocol;
			sourceTree = "<group>";
		};
		05B49E802CE5D8990059F2B1 /* Component */ = {
			isa = PBXGroup;
			children = (
				05B49E812CE5D8B50059F2B1 /* CircularProgressView.swift */,
			);
			path = Component;
			sourceTree = "<group>";
		};
/* End PBXGroup section */

/* Begin PBXNativeTarget section */
		05B49E302CE4E1080059F2B1 /* MapleStory */ = {
			isa = PBXNativeTarget;
			buildConfigurationList = 05B49E442CE4E1090059F2B1 /* Build configuration list for PBXNativeTarget "MapleStory" */;
			buildPhases = (
				05B49E2D2CE4E1080059F2B1 /* Sources */,
				05B49E2E2CE4E1080059F2B1 /* Frameworks */,
				05B49E2F2CE4E1080059F2B1 /* Resources */,
			);
			buildRules = (
			);
			dependencies = (
			);
			name = MapleStory;
			packageProductDependencies = (
				05B49E5D2CE4E26C0059F2B1 /* Kingfisher */,
				05B49E602CE4E2780059F2B1 /* Alamofire */,
				05B49E652CE4E2810059F2B1 /* Then */,
				05B49E682CE4E28B0059F2B1 /* SnapKit */,
			);
			productName = MapleStory;
			productReference = 05B49E312CE4E1080059F2B1 /* MapleStory.app */;
			productType = "com.apple.product-type.application";
		};
/* End PBXNativeTarget section */

/* Begin PBXProject section */
		05B49E292CE4E1080059F2B1 /* Project object */ = {
			isa = PBXProject;
			attributes = {
				BuildIndependentTargetsInParallel = 1;
				LastSwiftUpdateCheck = 1610;
				LastUpgradeCheck = 1610;
				TargetAttributes = {
					05B49E302CE4E1080059F2B1 = {
						CreatedOnToolsVersion = 16.1;
					};
				};
			};
			buildConfigurationList = 05B49E2C2CE4E1080059F2B1 /* Build configuration list for PBXProject "MapleStory" */;
			developmentRegion = en;
			hasScannedForEncodings = 0;
			knownRegions = (
				en,
				Base,
			);
			mainGroup = 05B49E282CE4E1080059F2B1;
			minimizedProjectReferenceProxies = 1;
			packageReferences = (
				05B49E5C2CE4E26C0059F2B1 /* XCRemoteSwiftPackageReference "Kingfisher" */,
				05B49E5F2CE4E2780059F2B1 /* XCRemoteSwiftPackageReference "Alamofire" */,
				05B49E642CE4E2810059F2B1 /* XCRemoteSwiftPackageReference "Then" */,
				05B49E672CE4E28B0059F2B1 /* XCRemoteSwiftPackageReference "SnapKit" */,
			);
			preferredProjectObjectVersion = 77;
			productRefGroup = 05B49E322CE4E1080059F2B1 /* Products */;
			projectDirPath = "";
			projectRoot = "";
			targets = (
				05B49E302CE4E1080059F2B1 /* MapleStory */,
			);
		};
/* End PBXProject section */

/* Begin PBXResourcesBuildPhase section */
		05B49E2F2CE4E1080059F2B1 /* Resources */ = {
			isa = PBXResourcesBuildPhase;
			buildActionMask = 2147483647;
			files = (
				05B49E562CE4E10E0059F2B1 /* Assets.xcassets in Resources */,
				05B49E582CE4E10E0059F2B1 /* LaunchScreen.storyboard in Resources */,
			);
			runOnlyForDeploymentPostprocessing = 0;
		};
/* End PBXResourcesBuildPhase section */

/* Begin PBXSourcesBuildPhase section */
		05B49E2D2CE4E1080059F2B1 /* Sources */ = {
			isa = PBXSourcesBuildPhase;
			buildActionMask = 2147483647;
			files = (
				05B49E792CE4E47D0059F2B1 /* UIView+.swift in Sources */,
				05B49E772CE4E4490059F2B1 /* BaseViewController.swift in Sources */,
				05B49E7B2CE501B40059F2B1 /* AlertDisplayable.swift in Sources */,
				05B49E532CE4E10E0059F2B1 /* AppDelegate.swift in Sources */,
				05B49E8A2CE5E1ED0059F2B1 /* UILabel+.swift in Sources */,
				05B49E842CE5DA790059F2B1 /* FrontView.swift in Sources */,
				05B49E542CE4E10E0059F2B1 /* SceneDelegate.swift in Sources */,
				05B49E7F2CE5CEE40059F2B1 /* UIViewController+.swift in Sources */,
				05B49E7D2CE5025C0059F2B1 /* KeyboardDismissible.swift in Sources */,
				05B49E6F2CE4E2DF0059F2B1 /* ProfileCardVC.swift in Sources */,
				05B49E8C2CE5E4D30059F2B1 /* UIStackView+.swift in Sources */,
				05B49E862CE5DAF00059F2B1 /* BackView.swift in Sources */,
				05B49E882CE5E0630059F2B1 /* UIColor+.swift in Sources */,
				05B49E822CE5D8B50059F2B1 /* CircularProgressView.swift in Sources */,
				05B49E752CE4E3F50059F2B1 /* BaseView.swift in Sources */,
			);
			runOnlyForDeploymentPostprocessing = 0;
		};
/* End PBXSourcesBuildPhase section */

/* Begin PBXVariantGroup section */
		05B49E4D2CE4E10E0059F2B1 /* LaunchScreen.storyboard */ = {
			isa = PBXVariantGroup;
			children = (
				05B49E4C2CE4E10E0059F2B1 /* Base */,
			);
			name = LaunchScreen.storyboard;
			sourceTree = "<group>";
		};
/* End PBXVariantGroup section */

/* Begin XCBuildConfiguration section */
		05B49E452CE4E1090059F2B1 /* Debug */ = {
			isa = XCBuildConfiguration;
			buildSettings = {
				ASSETCATALOG_COMPILER_APPICON_NAME = AppIcon;
				ASSETCATALOG_COMPILER_GLOBAL_ACCENT_COLOR_NAME = AccentColor;
				CODE_SIGN_STYLE = Automatic;
				CURRENT_PROJECT_VERSION = 1;
				DEVELOPMENT_TEAM = 7WULLR98GP;
				GENERATE_INFOPLIST_FILE = YES;
				INFOPLIST_FILE = MapleStory/Info.plist;
				INFOPLIST_KEY_LSApplicationCategoryType = "public.app-category.social-networking";
				INFOPLIST_KEY_UIApplicationSupportsIndirectInputEvents = YES;
				INFOPLIST_KEY_UILaunchStoryboardName = LaunchScreen;
				INFOPLIST_KEY_UIStatusBarStyle = UIStatusBarStyleLightContent;
				INFOPLIST_KEY_UISupportedInterfaceOrientations = UIInterfaceOrientationPortrait;
				INFOPLIST_KEY_UISupportedInterfaceOrientations_iPad = "UIInterfaceOrientationLandscapeLeft UIInterfaceOrientationLandscapeRight UIInterfaceOrientationPortrait UIInterfaceOrientationPortraitUpsideDown";
				IPHONEOS_DEPLOYMENT_TARGET = 15.0;
				LD_RUNPATH_SEARCH_PATHS = (
					"$(inherited)",
					"@executable_path/Frameworks",
				);
				MARKETING_VERSION = 1.0;
				PRODUCT_BUNDLE_IDENTIFIER = com.rafa.MapleStory;
				PRODUCT_NAME = "$(TARGET_NAME)";
				SUPPORTED_PLATFORMS = "iphoneos iphonesimulator";
				SUPPORTS_MACCATALYST = NO;
				SUPPORTS_MAC_DESIGNED_FOR_IPHONE_IPAD = NO;
				SUPPORTS_XR_DESIGNED_FOR_IPHONE_IPAD = NO;
				SWIFT_EMIT_LOC_STRINGS = YES;
				SWIFT_VERSION = 5.0;
				TARGETED_DEVICE_FAMILY = 1;
			};
			name = Debug;
		};
		05B49E462CE4E1090059F2B1 /* Release */ = {
			isa = XCBuildConfiguration;
			buildSettings = {
				ASSETCATALOG_COMPILER_APPICON_NAME = AppIcon;
				ASSETCATALOG_COMPILER_GLOBAL_ACCENT_COLOR_NAME = AccentColor;
				CODE_SIGN_STYLE = Automatic;
				CURRENT_PROJECT_VERSION = 1;
				DEVELOPMENT_TEAM = 7WULLR98GP;
				GENERATE_INFOPLIST_FILE = YES;
				INFOPLIST_FILE = MapleStory/Info.plist;
				INFOPLIST_KEY_LSApplicationCategoryType = "public.app-category.social-networking";
				INFOPLIST_KEY_UIApplicationSupportsIndirectInputEvents = YES;
				INFOPLIST_KEY_UILaunchStoryboardName = LaunchScreen;
				INFOPLIST_KEY_UIStatusBarStyle = UIStatusBarStyleLightContent;
				INFOPLIST_KEY_UISupportedInterfaceOrientations = UIInterfaceOrientationPortrait;
				INFOPLIST_KEY_UISupportedInterfaceOrientations_iPad = "UIInterfaceOrientationLandscapeLeft UIInterfaceOrientationLandscapeRight UIInterfaceOrientationPortrait UIInterfaceOrientationPortraitUpsideDown";
				IPHONEOS_DEPLOYMENT_TARGET = 15.0;
				LD_RUNPATH_SEARCH_PATHS = (
					"$(inherited)",
					"@executable_path/Frameworks",
				);
				MARKETING_VERSION = 1.0;
				PRODUCT_BUNDLE_IDENTIFIER = com.rafa.MapleStory;
				PRODUCT_NAME = "$(TARGET_NAME)";
				SUPPORTED_PLATFORMS = "iphoneos iphonesimulator";
				SUPPORTS_MACCATALYST = NO;
				SUPPORTS_MAC_DESIGNED_FOR_IPHONE_IPAD = NO;
				SUPPORTS_XR_DESIGNED_FOR_IPHONE_IPAD = NO;
				SWIFT_EMIT_LOC_STRINGS = YES;
				SWIFT_VERSION = 5.0;
				TARGETED_DEVICE_FAMILY = 1;
			};
			name = Release;
		};
		05B49E472CE4E1090059F2B1 /* Debug */ = {
			isa = XCBuildConfiguration;
			buildSettings = {
				ALWAYS_SEARCH_USER_PATHS = NO;
				ASSETCATALOG_COMPILER_GENERATE_SWIFT_ASSET_SYMBOL_EXTENSIONS = YES;
				CLANG_ANALYZER_NONNULL = YES;
				CLANG_ANALYZER_NUMBER_OBJECT_CONVERSION = YES_AGGRESSIVE;
				CLANG_CXX_LANGUAGE_STANDARD = "gnu++20";
				CLANG_ENABLE_MODULES = YES;
				CLANG_ENABLE_OBJC_ARC = YES;
				CLANG_ENABLE_OBJC_WEAK = YES;
				CLANG_WARN_BLOCK_CAPTURE_AUTORELEASING = YES;
				CLANG_WARN_BOOL_CONVERSION = YES;
				CLANG_WARN_COMMA = YES;
				CLANG_WARN_CONSTANT_CONVERSION = YES;
				CLANG_WARN_DEPRECATED_OBJC_IMPLEMENTATIONS = YES;
				CLANG_WARN_DIRECT_OBJC_ISA_USAGE = YES_ERROR;
				CLANG_WARN_DOCUMENTATION_COMMENTS = YES;
				CLANG_WARN_EMPTY_BODY = YES;
				CLANG_WARN_ENUM_CONVERSION = YES;
				CLANG_WARN_INFINITE_RECURSION = YES;
				CLANG_WARN_INT_CONVERSION = YES;
				CLANG_WARN_NON_LITERAL_NULL_CONVERSION = YES;
				CLANG_WARN_OBJC_IMPLICIT_RETAIN_SELF = YES;
				CLANG_WARN_OBJC_LITERAL_CONVERSION = YES;
				CLANG_WARN_OBJC_ROOT_CLASS = YES_ERROR;
				CLANG_WARN_QUOTED_INCLUDE_IN_FRAMEWORK_HEADER = YES;
				CLANG_WARN_RANGE_LOOP_ANALYSIS = YES;
				CLANG_WARN_STRICT_PROTOTYPES = YES;
				CLANG_WARN_SUSPICIOUS_MOVE = YES;
				CLANG_WARN_UNGUARDED_AVAILABILITY = YES_AGGRESSIVE;
				CLANG_WARN_UNREACHABLE_CODE = YES;
				CLANG_WARN__DUPLICATE_METHOD_MATCH = YES;
				COPY_PHASE_STRIP = NO;
				DEBUG_INFORMATION_FORMAT = dwarf;
				ENABLE_STRICT_OBJC_MSGSEND = YES;
				ENABLE_TESTABILITY = YES;
				ENABLE_USER_SCRIPT_SANDBOXING = YES;
				GCC_C_LANGUAGE_STANDARD = gnu17;
				GCC_DYNAMIC_NO_PIC = NO;
				GCC_NO_COMMON_BLOCKS = YES;
				GCC_OPTIMIZATION_LEVEL = 0;
				GCC_PREPROCESSOR_DEFINITIONS = (
					"DEBUG=1",
					"$(inherited)",
				);
				GCC_WARN_64_TO_32_BIT_CONVERSION = YES;
				GCC_WARN_ABOUT_RETURN_TYPE = YES_ERROR;
				GCC_WARN_UNDECLARED_SELECTOR = YES;
				GCC_WARN_UNINITIALIZED_AUTOS = YES_AGGRESSIVE;
				GCC_WARN_UNUSED_FUNCTION = YES;
				GCC_WARN_UNUSED_VARIABLE = YES;
				IPHONEOS_DEPLOYMENT_TARGET = 18.1;
				LOCALIZATION_PREFERS_STRING_CATALOGS = YES;
				MTL_ENABLE_DEBUG_INFO = INCLUDE_SOURCE;
				MTL_FAST_MATH = YES;
				ONLY_ACTIVE_ARCH = YES;
				SDKROOT = iphoneos;
				SWIFT_ACTIVE_COMPILATION_CONDITIONS = "DEBUG $(inherited)";
				SWIFT_OPTIMIZATION_LEVEL = "-Onone";
			};
			name = Debug;
		};
		05B49E482CE4E1090059F2B1 /* Release */ = {
			isa = XCBuildConfiguration;
			buildSettings = {
				ALWAYS_SEARCH_USER_PATHS = NO;
				ASSETCATALOG_COMPILER_GENERATE_SWIFT_ASSET_SYMBOL_EXTENSIONS = YES;
				CLANG_ANALYZER_NONNULL = YES;
				CLANG_ANALYZER_NUMBER_OBJECT_CONVERSION = YES_AGGRESSIVE;
				CLANG_CXX_LANGUAGE_STANDARD = "gnu++20";
				CLANG_ENABLE_MODULES = YES;
				CLANG_ENABLE_OBJC_ARC = YES;
				CLANG_ENABLE_OBJC_WEAK = YES;
				CLANG_WARN_BLOCK_CAPTURE_AUTORELEASING = YES;
				CLANG_WARN_BOOL_CONVERSION = YES;
				CLANG_WARN_COMMA = YES;
				CLANG_WARN_CONSTANT_CONVERSION = YES;
				CLANG_WARN_DEPRECATED_OBJC_IMPLEMENTATIONS = YES;
				CLANG_WARN_DIRECT_OBJC_ISA_USAGE = YES_ERROR;
				CLANG_WARN_DOCUMENTATION_COMMENTS = YES;
				CLANG_WARN_EMPTY_BODY = YES;
				CLANG_WARN_ENUM_CONVERSION = YES;
				CLANG_WARN_INFINITE_RECURSION = YES;
				CLANG_WARN_INT_CONVERSION = YES;
				CLANG_WARN_NON_LITERAL_NULL_CONVERSION = YES;
				CLANG_WARN_OBJC_IMPLICIT_RETAIN_SELF = YES;
				CLANG_WARN_OBJC_LITERAL_CONVERSION = YES;
				CLANG_WARN_OBJC_ROOT_CLASS = YES_ERROR;
				CLANG_WARN_QUOTED_INCLUDE_IN_FRAMEWORK_HEADER = YES;
				CLANG_WARN_RANGE_LOOP_ANALYSIS = YES;
				CLANG_WARN_STRICT_PROTOTYPES = YES;
				CLANG_WARN_SUSPICIOUS_MOVE = YES;
				CLANG_WARN_UNGUARDED_AVAILABILITY = YES_AGGRESSIVE;
				CLANG_WARN_UNREACHABLE_CODE = YES;
				CLANG_WARN__DUPLICATE_METHOD_MATCH = YES;
				COPY_PHASE_STRIP = NO;
				DEBUG_INFORMATION_FORMAT = "dwarf-with-dsym";
				ENABLE_NS_ASSERTIONS = NO;
				ENABLE_STRICT_OBJC_MSGSEND = YES;
				ENABLE_USER_SCRIPT_SANDBOXING = YES;
				GCC_C_LANGUAGE_STANDARD = gnu17;
				GCC_NO_COMMON_BLOCKS = YES;
				GCC_WARN_64_TO_32_BIT_CONVERSION = YES;
				GCC_WARN_ABOUT_RETURN_TYPE = YES_ERROR;
				GCC_WARN_UNDECLARED_SELECTOR = YES;
				GCC_WARN_UNINITIALIZED_AUTOS = YES_AGGRESSIVE;
				GCC_WARN_UNUSED_FUNCTION = YES;
				GCC_WARN_UNUSED_VARIABLE = YES;
				IPHONEOS_DEPLOYMENT_TARGET = 18.1;
				LOCALIZATION_PREFERS_STRING_CATALOGS = YES;
				MTL_ENABLE_DEBUG_INFO = NO;
				MTL_FAST_MATH = YES;
				SDKROOT = iphoneos;
				SWIFT_COMPILATION_MODE = wholemodule;
				VALIDATE_PRODUCT = YES;
			};
			name = Release;
		};
/* End XCBuildConfiguration section */

/* Begin XCConfigurationList section */
		05B49E2C2CE4E1080059F2B1 /* Build configuration list for PBXProject "MapleStory" */ = {
			isa = XCConfigurationList;
			buildConfigurations = (
				05B49E472CE4E1090059F2B1 /* Debug */,
				05B49E482CE4E1090059F2B1 /* Release */,
			);
			defaultConfigurationIsVisible = 0;
			defaultConfigurationName = Release;
		};
		05B49E442CE4E1090059F2B1 /* Build configuration list for PBXNativeTarget "MapleStory" */ = {
			isa = XCConfigurationList;
			buildConfigurations = (
				05B49E452CE4E1090059F2B1 /* Debug */,
				05B49E462CE4E1090059F2B1 /* Release */,
			);
			defaultConfigurationIsVisible = 0;
			defaultConfigurationName = Release;
		};
/* End XCConfigurationList section */

/* Begin XCRemoteSwiftPackageReference section */
		05B49E5C2CE4E26C0059F2B1 /* XCRemoteSwiftPackageReference "Kingfisher" */ = {
			isa = XCRemoteSwiftPackageReference;
			repositoryURL = "https://github.com/onevcat/Kingfisher.git";
			requirement = {
				kind = upToNextMajorVersion;
				minimumVersion = 8.1.0;
			};
		};
		05B49E5F2CE4E2780059F2B1 /* XCRemoteSwiftPackageReference "Alamofire" */ = {
			isa = XCRemoteSwiftPackageReference;
			repositoryURL = "https://github.com/Alamofire/Alamofire.git";
			requirement = {
				kind = upToNextMajorVersion;
				minimumVersion = 5.10.1;
			};
		};
		05B49E642CE4E2810059F2B1 /* XCRemoteSwiftPackageReference "Then" */ = {
			isa = XCRemoteSwiftPackageReference;
			repositoryURL = "https://github.com/devxoul/Then.git";
			requirement = {
				kind = upToNextMajorVersion;
				minimumVersion = 3.0.0;
			};
		};
		05B49E672CE4E28B0059F2B1 /* XCRemoteSwiftPackageReference "SnapKit" */ = {
			isa = XCRemoteSwiftPackageReference;
			repositoryURL = "https://github.com/SnapKit/SnapKit.git";
			requirement = {
				kind = upToNextMajorVersion;
				minimumVersion = 5.7.1;
			};
		};
/* End XCRemoteSwiftPackageReference section */

/* Begin XCSwiftPackageProductDependency section */
		05B49E5D2CE4E26C0059F2B1 /* Kingfisher */ = {
			isa = XCSwiftPackageProductDependency;
			package = 05B49E5C2CE4E26C0059F2B1 /* XCRemoteSwiftPackageReference "Kingfisher" */;
			productName = Kingfisher;
		};
		05B49E602CE4E2780059F2B1 /* Alamofire */ = {
			isa = XCSwiftPackageProductDependency;
			package = 05B49E5F2CE4E2780059F2B1 /* XCRemoteSwiftPackageReference "Alamofire" */;
			productName = Alamofire;
		};
		05B49E652CE4E2810059F2B1 /* Then */ = {
			isa = XCSwiftPackageProductDependency;
			package = 05B49E642CE4E2810059F2B1 /* XCRemoteSwiftPackageReference "Then" */;
			productName = Then;
		};
		05B49E682CE4E28B0059F2B1 /* SnapKit */ = {
			isa = XCSwiftPackageProductDependency;
			package = 05B49E672CE4E28B0059F2B1 /* XCRemoteSwiftPackageReference "SnapKit" */;
			productName = SnapKit;
		};
/* End XCSwiftPackageProductDependency section */
	};
	rootObject = 05B49E292CE4E1080059F2B1 /* Project object */;
}
